
Microsoft Visual Studio Solution File, Format Version 12.00
# Visual Studio Version 17
VisualStudioVersion = 17.3.32825.248
MinimumVisualStudioVersion = 10.0.40219.1
Project("{FAE04EC0-301F-11D3-BF4B-00C04F79EFBC}") = "CourseStore.DAL", "CourseStore.DAL\CourseStore.DAL.csproj", "{16E7C698-07B1-4D9A-8B11-D0A7F052A421}"
EndProject
Project("{FAE04EC0-301F-11D3-BF4B-00C04F79EFBC}") = "CourseStore.Model", "CourseStore.Model\CourseStore.Model.csproj", "{F3646036-C898-4936-8A74-E890DEF72E6A}"
EndProject
Project("{FAE04EC0-301F-11D3-BF4B-00C04F79EFBC}") = "CourseStore.WebAPI", "CourseStore.WebAPI\CourseStore.WebAPI.csproj", "{7F3FC083-9F62-49BF-B03B-4719E89B0F18}"
EndProject
Project("{FAE04EC0-301F-11D3-BF4B-00C04F79EFBC}") = "CourseStore.BLL", "CourseStore.BLL\CourseStore.BLL.csproj", "{7E0ECCCF-6AF1-4BCE-880B-47B03763C673}"
EndProject
Global
	GlobalSection(SolutionConfigurationPlatforms) = preSolution
		Debug|Any CPU = Debug|Any CPU
		Release|Any CPU = Release|Any CPU
	EndGlobalSection
	GlobalSection(ProjectConfigurationPlatforms) = postSolution
		{16E7C698-07B1-4D9A-8B11-D0A7F052A421}.Debug|Any CPU.ActiveCfg = Debug|Any CPU
		{16E7C698-07B1-4D9A-8B11-D0A7F052A421}.Debug|Any CPU.Build.0 = Debug|Any CPU
		{16E7C698-07B1-4D9A-8B11-D0A7F052A421}.Release|Any CPU.ActiveCfg = Release|Any CPU
		{16E7C698-07B1-4D9A-8B11-D0A7F052A421}.Release|Any CPU.Build.0 = Release|Any CPU
		{F3646036-C898-4936-8A74-E890DEF72E6A}.Debug|Any CPU.ActiveCfg = Debug|Any CPU
		{F3646036-C898-4936-8A74-E890DEF72E6A}.Debug|Any CPU.Build.0 = Debug|Any CPU
		{F3646036-C898-4936-8A74-E890DEF72E6A}.Release|Any CPU.ActiveCfg = Release|Any CPU
		{F3646036-C898-4936-8A74-E890DEF72E6A}.Release|Any CPU.Build.0 = Release|Any CPU
		{7F3FC083-9F62-49BF-B03B-4719E89B0F18}.Debug|Any CPU.ActiveCfg = Debug|Any CPU
		{7F3FC083-9F62-49BF-B03B-4719E89B0F18}.Debug|Any CPU.Build.0 = Debug|Any CPU
		{7F3FC083-9F62-49BF-B03B-4719E89B0F18}.Release|Any CPU.ActiveCfg = Release|Any CPU
		{7F3FC083-9F62-49BF-B03B-4719E89B0F18}.Release|Any CPU.Build.0 = Release|Any CPU
		{7E0ECCCF-6AF1-4BCE-880B-47B03763C673}.Debug|Any CPU.ActiveCfg = Debug|Any CPU
		{7E0ECCCF-6AF1-4BCE-880B-47B03763C673}.Debug|Any CPU.Build.0 = Debug|Any CPU
		{7E0ECCCF-6AF1-4BCE-880B-47B03763C673}.Release|Any CPU.ActiveCfg = Release|Any CPU
		{7E0ECCCF-6AF1-4BCE-880B-47B03763C673}.Release|Any CPU.Build.0 = Release|Any CPU
	EndGlobalSection
	GlobalSection(SolutionProperties) = preSolution
		HideSolutionNode = FALSE
	EndGlobalSection
	GlobalSection(ExtensibilityGlobals) = postSolution
		SolutionGuid = {9670ECF7-946B-4DE9-9BFF-0755EBD74867}
	EndGlobalSection
EndGlobal
